
Microsoft Visual Studio Solution File, Format Version 12.00
# Visual Studio Version 17
VisualStudioVersion = 17.3.32811.315
MinimumVisualStudioVersion = 10.0.40219.1
Project("{FAE04EC0-301F-11D3-BF4B-00C04F79EFBC}") = "Sekmen.LoadBalancing", "Sekmen.LoadBalancing\Sekmen.LoadBalancing.csproj", "{92461721-B4CC-4C8E-939B-6AF621517C87}"
EndProject
Global
	GlobalSection(SolutionConfigurationPlatforms) = preSolution
		Debug|Any CPU = Debug|Any CPU
		Release|Any CPU = Release|Any CPU
	EndGlobalSection
	GlobalSection(ProjectConfigurationPlatforms) = postSolution
		{92461721-B4CC-4C8E-939B-6AF621517C87}.Debug|Any CPU.ActiveCfg = Debug|Any CPU
		{92461721-B4CC-4C8E-939B-6AF621517C87}.Debug|Any CPU.Build.0 = Debug|Any CPU
		{92461721-B4CC-4C8E-939B-6AF621517C87}.Release|Any CPU.ActiveCfg = Release|Any CPU
		{92461721-B4CC-4C8E-939B-6AF621517C87}.Release|Any CPU.Build.0 = Release|Any CPU
	EndGlobalSection
	GlobalSection(SolutionProperties) = preSolution
		HideSolutionNode = FALSE
	EndGlobalSection
	GlobalSection(ExtensibilityGlobals) = postSolution
		SolutionGuid = {018F6E27-11D8-41EE-ABFF-99AC2CA611E5}
	EndGlobalSection
EndGlobal
